
Microsoft Visual Studio Solution File, Format Version 12.00
# Visual Studio Version 16
VisualStudioVersion = 16.0.33130.400
MinimumVisualStudioVersion = 10.0.40219.1
Project("{FAE04EC0-301F-11D3-BF4B-00C04F79EFBC}") = "lab 3 w-f", "lab 3 w-f.csproj", "{A1D566B0-34E6-4385-8D55-8E33150676FB}"
EndProject
Global
	GlobalSection(SolutionConfigurationPlatforms) = preSolution
		Debug|Any CPU = Debug|Any CPU
		Release|Any CPU = Release|Any CPU
	EndGlobalSection
	GlobalSection(ProjectConfigurationPlatforms) = postSolution
		{A1D566B0-34E6-4385-8D55-8E33150676FB}.Debug|Any CPU.ActiveCfg = Debug|Any CPU
		{A1D566B0-34E6-4385-8D55-8E33150676FB}.Debug|Any CPU.Build.0 = Debug|Any CPU
		{A1D566B0-34E6-4385-8D55-8E33150676FB}.Release|Any CPU.ActiveCfg = Release|Any CPU
		{A1D566B0-34E6-4385-8D55-8E33150676FB}.Release|Any CPU.Build.0 = Release|Any CPU
	EndGlobalSection
	GlobalSection(SolutionProperties) = preSolution
		HideSolutionNode = FALSE
	EndGlobalSection
	GlobalSection(ExtensibilityGlobals) = postSolution
		SolutionGuid = {C3C70A1B-012B-4CB5-A09B-1DD271078557}
	EndGlobalSection
EndGlobal
